// !$*UTF8*$!
{
	archiveVersion = 1;
	classes = {
	};
	objectVersion = 46;
	objects = {

/* Begin PBXBuildFile section */
		35924895775DB942824259BA /* Pods_PushMyNotifs.framework in Frameworks */ = {isa = PBXBuildFile; fileRef = F5EDDE342323C075DAE7AF46 /* Pods_PushMyNotifs.framework */; };
		89F133EC1EE05B01003EAADC /* AppDelegate.swift in Sources */ = {isa = PBXBuildFile; fileRef = 89F133EB1EE05B01003EAADC /* AppDelegate.swift */; };
		89F133EE1EE05B01003EAADC /* ViewController.swift in Sources */ = {isa = PBXBuildFile; fileRef = 89F133ED1EE05B01003EAADC /* ViewController.swift */; };
		89F133F11EE05B01003EAADC /* Main.storyboard in Resources */ = {isa = PBXBuildFile; fileRef = 89F133EF1EE05B01003EAADC /* Main.storyboard */; };
		89F133F31EE05B01003EAADC /* Assets.xcassets in Resources */ = {isa = PBXBuildFile; fileRef = 89F133F21EE05B01003EAADC /* Assets.xcassets */; };
		89F133F61EE05B01003EAADC /* LaunchScreen.storyboard in Resources */ = {isa = PBXBuildFile; fileRef = 89F133F41EE05B01003EAADC /* LaunchScreen.storyboard */; };
		89F133FE1EE05B92003EAADC /* GoogleService-Info.plist in Resources */ = {isa = PBXBuildFile; fileRef = 89F133FD1EE05B92003EAADC /* GoogleService-Info.plist */; };
/* End PBXBuildFile section */

/* Begin PBXFileReference section */
		791D06B53EBE583F68E07C69 /* Pods-PushMyNotifs.release.xcconfig */ = {isa = PBXFileReference; includeInIndex = 1; lastKnownFileType = text.xcconfig; name = "Pods-PushMyNotifs.release.xcconfig"; path = "Pods/Target Support Files/Pods-PushMyNotifs/Pods-PushMyNotifs.release.xcconfig"; sourceTree = "<group>"; };
		898922F31EE2FACA00F12E2C /* PushMyNotifs.entitlements */ = {isa = PBXFileReference; lastKnownFileType = text.plist.entitlements; path = PushMyNotifs.entitlements; sourceTree = "<group>"; };
		89F133E81EE05B01003EAADC /* PushMyNotifs.app */ = {isa = PBXFileReference; explicitFileType = wrapper.application; includeInIndex = 0; path = PushMyNotifs.app; sourceTree = BUILT_PRODUCTS_DIR; };
		89F133EB1EE05B01003EAADC /* AppDelegate.swift */ = {isa = PBXFileReference; lastKnownFileType = sourcecode.swift; path = AppDelegate.swift; sourceTree = "<group>"; };
		89F133ED1EE05B01003EAADC /* ViewController.swift */ = {isa = PBXFileReference; lastKnownFileType = sourcecode.swift; path = ViewController.swift; sourceTree = "<group>"; };
		89F133F01EE05B01003EAADC /* Base */ = {isa = PBXFileReference; lastKnownFileType = file.storyboard; name = Base; path = Base.lproj/Main.storyboard; sourceTree = "<group>"; };
		89F133F21EE05B01003EAADC /* Assets.xcassets */ = {isa = PBXFileReference; lastKnownFileType = folder.assetcatalog; path = Assets.xcassets; sourceTree = "<group>"; };
		89F133F51EE05B01003EAADC /* Base */ = {isa = PBXFileReference; lastKnownFileType = file.storyboard; name = Base; path = Base.lproj/LaunchScreen.storyboard; sourceTree = "<group>"; };
		89F133F71EE05B01003EAADC /* Info.plist */ = {isa = PBXFileReference; lastKnownFileType = text.plist.xml; path = Info.plist; sourceTree = "<group>"; };
		89F133FD1EE05B92003EAADC /* GoogleService-Info.plist */ = {isa = PBXFileReference; fileEncoding = 4; lastKnownFileType = text.plist.xml; path = "GoogleService-Info.plist"; sourceTree = "<group>"; };
		F07D668EBCC84E3A35BF0C97 /* Pods-PushMyNotifs.debug.xcconfig */ = {isa = PBXFileReference; includeInIndex = 1; lastKnownFileType = text.xcconfig; name = "Pods-PushMyNotifs.debug.xcconfig"; path = "Pods/Target Support Files/Pods-PushMyNotifs/Pods-PushMyNotifs.debug.xcconfig"; sourceTree = "<group>"; };
		F5EDDE342323C075DAE7AF46 /* Pods_PushMyNotifs.framework */ = {isa = PBXFileReference; explicitFileType = wrapper.framework; includeInIndex = 0; path = Pods_PushMyNotifs.framework; sourceTree = BUILT_PRODUCTS_DIR; };
/* End PBXFileReference section */

/* Begin PBXFrameworksBuildPhase section */
		89F133E51EE05B01003EAADC /* Frameworks */ = {
			isa = PBXFrameworksBuildPhase;
			buildActionMask = 2147483647;
			files = (
				35924895775DB942824259BA /* Pods_PushMyNotifs.framework in Frameworks */,
			);
			runOnlyForDeploymentPostprocessing = 0;
		};
/* End PBXFrameworksBuildPhase section */

/* Begin PBXGroup section */
		89F133DF1EE05B01003EAADC = {
			isa = PBXGroup;
			children = (
				89F133EA1EE05B01003EAADC /* PushMyNotifs */,
				89F133E91EE05B01003EAADC /* Products */,
				F1769E09CFA9053147B0F6A4 /* Pods */,
				CEC16F331D514C583BA653A7 /* Frameworks */,
			);
			sourceTree = "<group>";
		};
		89F133E91EE05B01003EAADC /* Products */ = {
			isa = PBXGroup;
			children = (
				89F133E81EE05B01003EAADC /* PushMyNotifs.app */,
			);
			name = Products;
			sourceTree = "<group>";
		};
		89F133EA1EE05B01003EAADC /* PushMyNotifs */ = {
			isa = PBXGroup;
			children = (
				898922F31EE2FACA00F12E2C /* PushMyNotifs.entitlements */,
				89F133EB1EE05B01003EAADC /* AppDelegate.swift */,
				89F133ED1EE05B01003EAADC /* ViewController.swift */,
				89F133EF1EE05B01003EAADC /* Main.storyboard */,
				89F133F21EE05B01003EAADC /* Assets.xcassets */,
				89F133F41EE05B01003EAADC /* LaunchScreen.storyboard */,
				89F133F71EE05B01003EAADC /* Info.plist */,
				89F133FD1EE05B92003EAADC /* GoogleService-Info.plist */,
			);
			path = PushMyNotifs;
			sourceTree = "<group>";
		};
		CEC16F331D514C583BA653A7 /* Frameworks */ = {
			isa = PBXGroup;
			children = (
				F5EDDE342323C075DAE7AF46 /* Pods_PushMyNotifs.framework */,
			);
			name = Frameworks;
			sourceTree = "<group>";
		};
		F1769E09CFA9053147B0F6A4 /* Pods */ = {
			isa = PBXGroup;
			children = (
				F07D668EBCC84E3A35BF0C97 /* Pods-PushMyNotifs.debug.xcconfig */,
				791D06B53EBE583F68E07C69 /* Pods-PushMyNotifs.release.xcconfig */,
			);
			name = Pods;
			sourceTree = "<group>";
		};
/* End PBXGroup section */

/* Begin PBXNativeTarget section */
		89F133E71EE05B01003EAADC /* PushMyNotifs */ = {
			isa = PBXNativeTarget;
			buildConfigurationList = 89F133FA1EE05B01003EAADC /* Build configuration list for PBXNativeTarget "PushMyNotifs" */;
			buildPhases = (
				2B6AF496A4714D2E2DB48685 /* [CP] Check Pods Manifest.lock */,
				89F133E41EE05B01003EAADC /* Sources */,
				89F133E51EE05B01003EAADC /* Frameworks */,
				89F133E61EE05B01003EAADC /* Resources */,
				4A19A6A7882A38835D157DD4 /* [CP] Embed Pods Frameworks */,
				98C8BDAFDA391B3DFFF2733E /* [CP] Copy Pods Resources */,
			);
			buildRules = (
			);
			dependencies = (
			);
			name = PushMyNotifs;
			productName = PushMyNotifs;
			productReference = 89F133E81EE05B01003EAADC /* PushMyNotifs.app */;
			productType = "com.apple.product-type.application";
		};
/* End PBXNativeTarget section */

/* Begin PBXProject section */
		89F133E01EE05B01003EAADC /* Project object */ = {
			isa = PBXProject;
			attributes = {
				LastSwiftUpdateCheck = 0830;
				LastUpgradeCheck = 0830;
				ORGANIZATIONNAME = "Jeff Ripke";
				TargetAttributes = {
					89F133E71EE05B01003EAADC = {
						CreatedOnToolsVersion = 8.3.2;
						DevelopmentTeam = 997RL2KYD9;
						ProvisioningStyle = Automatic;
						SystemCapabilities = {
							com.apple.Push = {
								enabled = 1;
							};
						};
					};
				};
			};
			buildConfigurationList = 89F133E31EE05B01003EAADC /* Build configuration list for PBXProject "PushMyNotifs" */;
			compatibilityVersion = "Xcode 3.2";
			developmentRegion = English;
			hasScannedForEncodings = 0;
			knownRegions = (
				en,
				Base,
			);
			mainGroup = 89F133DF1EE05B01003EAADC;
			productRefGroup = 89F133E91EE05B01003EAADC /* Products */;
			projectDirPath = "";
			projectRoot = "";
			targets = (
				89F133E71EE05B01003EAADC /* PushMyNotifs */,
			);
		};
/* End PBXProject section */

/* Begin PBXResourcesBuildPhase section */
		89F133E61EE05B01003EAADC /* Resources */ = {
			isa = PBXResourcesBuildPhase;
			buildActionMask = 2147483647;
			files = (
				89F133F61EE05B01003EAADC /* LaunchScreen.storyboard in Resources */,
				89F133FE1EE05B92003EAADC /* GoogleService-Info.plist in Resources */,
				89F133F31EE05B01003EAADC /* Assets.xcassets in Resources */,
				89F133F11EE05B01003EAADC /* Main.storyboard in Resources */,
			);
			runOnlyForDeploymentPostprocessing = 0;
		};
/* End PBXResourcesBuildPhase section */

/* Begin PBXShellScriptBuildPhase section */
		2B6AF496A4714D2E2DB48685 /* [CP] Check Pods Manifest.lock */ = {
			isa = PBXShellScriptBuildPhase;
			buildActionMask = 2147483647;
			files = (
			);
			inputPaths = (
			);
			name = "[CP] Check Pods Manifest.lock";
			outputPaths = (
			);
			runOnlyForDeploymentPostprocessing = 0;
			shellPath = /bin/sh;
			shellScript = "diff \"${PODS_PODFILE_DIR_PATH}/Podfile.lock\" \"${PODS_ROOT}/Manifest.lock\" > /dev/null\nif [ $? != 0 ] ; then\n    # print error to STDERR\n    echo \"error: The sandbox is not in sync with the Podfile.lock. Run 'pod install' or update your CocoaPods installation.\" >&2\n    exit 1\nfi\n";
			showEnvVarsInLog = 0;
		};
		4A19A6A7882A38835D157DD4 /* [CP] Embed Pods Frameworks */ = {
			isa = PBXShellScriptBuildPhase;
			buildActionMask = 2147483647;
			files = (
			);
			inputPaths = (
			);
			name = "[CP] Embed Pods Frameworks";
			outputPaths = (
			);
			runOnlyForDeploymentPostprocessing = 0;
			shellPath = /bin/sh;
			shellScript = "\"${SRCROOT}/Pods/Target Support Files/Pods-PushMyNotifs/Pods-PushMyNotifs-frameworks.sh\"\n";
			showEnvVarsInLog = 0;
		};
		98C8BDAFDA391B3DFFF2733E /* [CP] Copy Pods Resources */ = {
			isa = PBXShellScriptBuildPhase;
			buildActionMask = 2147483647;
			files = (
			);
			inputPaths = (
			);
			name = "[CP] Copy Pods Resources";
			outputPaths = (
			);
			runOnlyForDeploymentPostprocessing = 0;
			shellPath = /bin/sh;
			shellScript = "\"${SRCROOT}/Pods/Target Support Files/Pods-PushMyNotifs/Pods-PushMyNotifs-resources.sh\"\n";
			showEnvVarsInLog = 0;
		};
/* End PBXShellScriptBuildPhase section */

/* Begin PBXSourcesBuildPhase section */
		89F133E41EE05B01003EAADC /* Sources */ = {
			isa = PBXSourcesBuildPhase;
			buildActionMask = 2147483647;
			files = (
				89F133EE1EE05B01003EAADC /* ViewController.swift in Sources */,
				89F133EC1EE05B01003EAADC /* AppDelegate.swift in Sources */,
			);
			runOnlyForDeploymentPostprocessing = 0;
		};
/* End PBXSourcesBuildPhase section */

/* Begin PBXVariantGroup section */
		89F133EF1EE05B01003EAADC /* Main.storyboard */ = {
			isa = PBXVariantGroup;
			children = (
				89F133F01EE05B01003EAADC /* Base */,
			);
			name = Main.storyboard;
			sourceTree = "<group>";
		};
		89F133F41EE05B01003EAADC /* LaunchScreen.storyboard */ = {
			isa = PBXVariantGroup;
			children = (
				89F133F51EE05B01003EAADC /* Base */,
			);
			name = LaunchScreen.storyboard;
			sourceTree = "<group>";
		};
/* End PBXVariantGroup section */

/* Begin XCBuildConfiguration section */
		89F133F81EE05B01003EAADC /* Debug */ = {
			isa = XCBuildConfiguration;
			buildSettings = {
				ALWAYS_SEARCH_USER_PATHS = NO;
				CLANG_ANALYZER_NONNULL = YES;
				CLANG_ANALYZER_NUMBER_OBJECT_CONVERSION = YES_AGGRESSIVE;
				CLANG_CXX_LANGUAGE_STANDARD = "gnu++0x";
				CLANG_CXX_LIBRARY = "libc++";
				CLANG_ENABLE_MODULES = YES;
				CLANG_ENABLE_OBJC_ARC = YES;
				CLANG_WARN_BOOL_CONVERSION = YES;
				CLANG_WARN_CONSTANT_CONVERSION = YES;
				CLANG_WARN_DIRECT_OBJC_ISA_USAGE = YES_ERROR;
				CLANG_WARN_DOCUMENTATION_COMMENTS = YES;
				CLANG_WARN_EMPTY_BODY = YES;
				CLANG_WARN_ENUM_CONVERSION = YES;
				CLANG_WARN_INFINITE_RECURSION = YES;
				CLANG_WARN_INT_CONVERSION = YES;
				CLANG_WARN_OBJC_ROOT_CLASS = YES_ERROR;
				CLANG_WARN_SUSPICIOUS_MOVE = YES;
				CLANG_WARN_UNREACHABLE_CODE = YES;
				CLANG_WARN__DUPLICATE_METHOD_MATCH = YES;
				"CODE_SIGN_IDENTITY[sdk=iphoneos*]" = "iPhone Developer";
				COPY_PHASE_STRIP = NO;
				DEBUG_INFORMATION_FORMAT = dwarf;
				ENABLE_STRICT_OBJC_MSGSEND = YES;
				ENABLE_TESTABILITY = YES;
				GCC_C_LANGUAGE_STANDARD = gnu99;
				GCC_DYNAMIC_NO_PIC = NO;
				GCC_NO_COMMON_BLOCKS = YES;
				GCC_OPTIMIZATION_LEVEL = 0;
				GCC_PREPROCESSOR_DEFINITIONS = (
					"DEBUG=1",
					"$(inherited)",
				);
				GCC_WARN_64_TO_32_BIT_CONVERSION = YES;
				GCC_WARN_ABOUT_RETURN_TYPE = YES_ERROR;
				GCC_WARN_UNDECLARED_SELECTOR = YES;
				GCC_WARN_UNINITIALIZED_AUTOS = YES_AGGRESSIVE;
				GCC_WARN_UNUSED_FUNCTION = YES;
				GCC_WARN_UNUSED_VARIABLE = YES;
				IPHONEOS_DEPLOYMENT_TARGET = 10.3;
				MTL_ENABLE_DEBUG_INFO = YES;
				ONLY_ACTIVE_ARCH = YES;
				SDKROOT = iphoneos;
				SWIFT_ACTIVE_COMPILATION_CONDITIONS = DEBUG;
				SWIFT_OPTIMIZATION_LEVEL = "-Onone";
			};
			name = Debug;
		};
		89F133F91EE05B01003EAADC /* Release */ = {
			isa = XCBuildConfiguration;
			buildSettings = {
				ALWAYS_SEARCH_USER_PATHS = NO;
				CLANG_ANALYZER_NONNULL = YES;
				CLANG_ANALYZER_NUMBER_OBJECT_CONVERSION = YES_AGGRESSIVE;
				CLANG_CXX_LANGUAGE_STANDARD = "gnu++0x";
				CLANG_CXX_LIBRARY = "libc++";
				CLANG_ENABLE_MODULES = YES;
				CLANG_ENABLE_OBJC_ARC = YES;
				CLANG_WARN_BOOL_CONVERSION = YES;
				CLANG_WARN_CONSTANT_CONVERSION = YES;
				CLANG_WARN_DIRECT_OBJC_ISA_USAGE = YES_ERROR;
				CLANG_WARN_DOCUMENTATION_COMMENTS = YES;
				CLANG_WARN_EMPTY_BODY = YES;
				CLANG_WARN_ENUM_CONVERSION = YES;
				CLANG_WARN_INFINITE_RECURSION = YES;
				CLANG_WARN_INT_CONVERSION = YES;
				CLANG_WARN_OBJC_ROOT_CLASS = YES_ERROR;
				CLANG_WARN_SUSPICIOUS_MOVE = YES;
				CLANG_WARN_UNREACHABLE_CODE = YES;
				CLANG_WARN__DUPLICATE_METHOD_MATCH = YES;
				"CODE_SIGN_IDENTITY[sdk=iphoneos*]" = "iPhone Developer";
				COPY_PHASE_STRIP = NO;
				DEBUG_INFORMATION_FORMAT = "dwarf-with-dsym";
				ENABLE_NS_ASSERTIONS = NO;
				ENABLE_STRICT_OBJC_MSGSEND = YES;
				GCC_C_LANGUAGE_STANDARD = gnu99;
				GCC_NO_COMMON_BLOCKS = YES;
				GCC_WARN_64_TO_32_BIT_CONVERSION = YES;
				GCC_WARN_ABOUT_RETURN_TYPE = YES_ERROR;
				GCC_WARN_UNDECLARED_SELECTOR = YES;
				GCC_WARN_UNINITIALIZED_AUTOS = YES_AGGRESSIVE;
				GCC_WARN_UNUSED_FUNCTION = YES;
				GCC_WARN_UNUSED_VARIABLE = YES;
				IPHONEOS_DEPLOYMENT_TARGET = 10.3;
				MTL_ENABLE_DEBUG_INFO = NO;
				SDKROOT = iphoneos;
				SWIFT_OPTIMIZATION_LEVEL = "-Owholemodule";
				VALIDATE_PRODUCT = YES;
			};
			name = Release;
		};
		89F133FB1EE05B01003EAADC /* Debug */ = {
			isa = XCBuildConfiguration;
			baseConfigurationReference = F07D668EBCC84E3A35BF0C97 /* Pods-PushMyNotifs.debug.xcconfig */;
			buildSettings = {
				ASSETCATALOG_COMPILER_APPICON_NAME = AppIcon;
				CODE_SIGN_ENTITLEMENTS = PushMyNotifs/PushMyNotifs.entitlements;
				DEVELOPMENT_TEAM = 997RL2KYD9;
				INFOPLIST_FILE = PushMyNotifs/Info.plist;
				LD_RUNPATH_SEARCH_PATHS = "$(inherited) @executable_path/Frameworks";
				PRODUCT_BUNDLE_IDENTIFIER = com.jeffripke.PushMyNotifs;
				PRODUCT_NAME = "$(TARGET_NAME)";
				SWIFT_VERSION = 3.0;
			};
			name = Debug;
		};
		89F133FC1EE05B01003EAADC /* Release */ = {
			isa = XCBuildConfiguration;
			baseConfigurationReference = 791D06B53EBE583F68E07C69 /* Pods-PushMyNotifs.release.xcconfig */;
			buildSettings = {
				ASSETCATALOG_COMPILER_APPICON_NAME = AppIcon;
				CODE_SIGN_ENTITLEMENTS = PushMyNotifs/PushMyNotifs.entitlements;
				DEVELOPMENT_TEAM = 997RL2KYD9;
				INFOPLIST_FILE = PushMyNotifs/Info.plist;
				LD_RUNPATH_SEARCH_PATHS = "$(inherited) @executable_path/Frameworks";
				PRODUCT_BUNDLE_IDENTIFIER = com.jeffripke.PushMyNotifs;
				PRODUCT_NAME = "$(TARGET_NAME)";
				SWIFT_VERSION = 3.0;
			};
			name = Release;
		};
/* End XCBuildConfiguration section */

/* Begin XCConfigurationList section */
		89F133E31EE05B01003EAADC /* Build configuration list for PBXProject "PushMyNotifs" */ = {
			isa = XCConfigurationList;
			buildConfigurations = (
				89F133F81EE05B01003EAADC /* Debug */,
				89F133F91EE05B01003EAADC /* Release */,
			);
			defaultConfigurationIsVisible = 0;
			defaultConfigurationName = Release;
		};
		89F133FA1EE05B01003EAADC /* Build configuration list for PBXNativeTarget "PushMyNotifs" */ = {
			isa = XCConfigurationList;
			buildConfigurations = (
				89F133FB1EE05B01003EAADC /* Debug */,
				89F133FC1EE05B01003EAADC /* Release */,
			);
			defaultConfigurationIsVisible = 0;
			defaultConfigurationName = Release;
		};
/* End XCConfigurationList section */
	};
	rootObject = 89F133E01EE05B01003EAADC /* Project object */;
}
